
Microsoft Visual Studio Solution File, Format Version 12.00
# Visual Studio Version 16
VisualStudioVersion = 16.0.29503.13
MinimumVisualStudioVersion = 10.0.40219.1
Project("{8BC9CEB8-8B4A-11D0-8D11-00A0C91BC942}") = "多维迷宫", "多维迷宫.vcxproj", "{53EF36B7-26E4-4C7F-B199-4E79F49E5778}"
EndProject
Global
	GlobalSection(SolutionConfigurationPlatforms) = preSolution
		Debug|x64 = Debug|x64
		Debug|x86 = Debug|x86
		Release|x64 = Release|x64
		Release|x86 = Release|x86
	EndGlobalSection
	GlobalSection(ProjectConfigurationPlatforms) = postSolution
		{53EF36B7-26E4-4C7F-B199-4E79F49E5778}.Debug|x64.ActiveCfg = Debug|x64
		{53EF36B7-26E4-4C7F-B199-4E79F49E5778}.Debug|x64.Build.0 = Debug|x64
		{53EF36B7-26E4-4C7F-B199-4E79F49E5778}.Debug|x86.ActiveCfg = Debug|Win32
		{53EF36B7-26E4-4C7F-B199-4E79F49E5778}.Debug|x86.Build.0 = Debug|Win32
		{53EF36B7-26E4-4C7F-B199-4E79F49E5778}.Release|x64.ActiveCfg = Release|x64
		{53EF36B7-26E4-4C7F-B199-4E79F49E5778}.Release|x64.Build.0 = Release|x64
		{53EF36B7-26E4-4C7F-B199-4E79F49E5778}.Release|x86.ActiveCfg = Release|Win32
		{53EF36B7-26E4-4C7F-B199-4E79F49E5778}.Release|x86.Build.0 = Release|Win32
	EndGlobalSection
	GlobalSection(SolutionProperties) = preSolution
		HideSolutionNode = FALSE
	EndGlobalSection
	GlobalSection(ExtensibilityGlobals) = postSolution
		SolutionGuid = {4F1114F0-90A0-481D-8338-BACD9D990C7F}
	EndGlobalSection
EndGlobal
